
Microsoft Visual Studio Solution File, Format Version 12.00
# Visual Studio Version 16
VisualStudioVersion = 16.0.30503.244
MinimumVisualStudioVersion = 10.0.40219.1
Project("{FAE04EC0-301F-11D3-BF4B-00C04F79EFBC}") = "Task01", "Task01\Task01.csproj", "{6344E5F9-7B71-4525-82A9-483950C80BAC}"
EndProject
Global
	GlobalSection(SolutionConfigurationPlatforms) = preSolution
		Debug|Any CPU = Debug|Any CPU
		Release|Any CPU = Release|Any CPU
	EndGlobalSection
	GlobalSection(ProjectConfigurationPlatforms) = postSolution
		{6344E5F9-7B71-4525-82A9-483950C80BAC}.Debug|Any CPU.ActiveCfg = Debug|Any CPU
		{6344E5F9-7B71-4525-82A9-483950C80BAC}.Debug|Any CPU.Build.0 = Debug|Any CPU
		{6344E5F9-7B71-4525-82A9-483950C80BAC}.Release|Any CPU.ActiveCfg = Release|Any CPU
		{6344E5F9-7B71-4525-82A9-483950C80BAC}.Release|Any CPU.Build.0 = Release|Any CPU
	EndGlobalSection
	GlobalSection(SolutionProperties) = preSolution
		HideSolutionNode = FALSE
	EndGlobalSection
	GlobalSection(ExtensibilityGlobals) = postSolution
		SolutionGuid = {5013127F-17CF-4C4C-B872-F5D078A1BD9E}
	EndGlobalSection
EndGlobal
